
Microsoft Visual Studio Solution File, Format Version 12.00
# Visual Studio 15
VisualStudioVersion = 15.0.27703.2035
MinimumVisualStudioVersion = 10.0.40219.1
Project("{FAE04EC0-301F-11D3-BF4B-00C04F79EFBC}") = "XF.MAPA.Android", "XF.MAPA\XF.MAPA.Android\XF.MAPA.Android.csproj", "{ABC5A6AC-ACD9-462F-A7C8-897E0A67E287}"
EndProject
Project("{FAE04EC0-301F-11D3-BF4B-00C04F79EFBC}") = "XF.MAPA.iOS", "XF.MAPA\XF.MAPA.iOS\XF.MAPA.iOS.csproj", "{160EAA14-7B5D-41FD-9E32-201A9AE691FB}"
EndProject
Project("{FAE04EC0-301F-11D3-BF4B-00C04F79EFBC}") = "XF.MAPA", "XF.MAPA\XF.MAPA\XF.MAPA.csproj", "{43D1B95B-6671-4120-9E5B-70F838B4423E}"
EndProject
Global
	GlobalSection(SolutionConfigurationPlatforms) = preSolution
		Ad-Hoc|Any CPU = Ad-Hoc|Any CPU
		Ad-Hoc|iPhone = Ad-Hoc|iPhone
		Ad-Hoc|iPhoneSimulator = Ad-Hoc|iPhoneSimulator
		AppStore|Any CPU = AppStore|Any CPU
		AppStore|iPhone = AppStore|iPhone
		AppStore|iPhoneSimulator = AppStore|iPhoneSimulator
		Debug|Any CPU = Debug|Any CPU
		Debug|iPhone = Debug|iPhone
		Debug|iPhoneSimulator = Debug|iPhoneSimulator
		Release|Any CPU = Release|Any CPU
		Release|iPhone = Release|iPhone
		Release|iPhoneSimulator = Release|iPhoneSimulator
	EndGlobalSection
	GlobalSection(ProjectConfigurationPlatforms) = postSolution
		{ABC5A6AC-ACD9-462F-A7C8-897E0A67E287}.Ad-Hoc|Any CPU.ActiveCfg = Release|Any CPU
		{ABC5A6AC-ACD9-462F-A7C8-897E0A67E287}.Ad-Hoc|Any CPU.Build.0 = Release|Any CPU
		{ABC5A6AC-ACD9-462F-A7C8-897E0A67E287}.Ad-Hoc|Any CPU.Deploy.0 = Release|Any CPU
		{ABC5A6AC-ACD9-462F-A7C8-897E0A67E287}.Ad-Hoc|iPhone.ActiveCfg = Release|Any CPU
		{ABC5A6AC-ACD9-462F-A7C8-897E0A67E287}.Ad-Hoc|iPhone.Build.0 = Release|Any CPU
		{ABC5A6AC-ACD9-462F-A7C8-897E0A67E287}.Ad-Hoc|iPhone.Deploy.0 = Release|Any CPU
		{ABC5A6AC-ACD9-462F-A7C8-897E0A67E287}.Ad-Hoc|iPhoneSimulator.ActiveCfg = Release|Any CPU
		{ABC5A6AC-ACD9-462F-A7C8-897E0A67E287}.Ad-Hoc|iPhoneSimulator.Build.0 = Release|Any CPU
		{ABC5A6AC-ACD9-462F-A7C8-897E0A67E287}.Ad-Hoc|iPhoneSimulator.Deploy.0 = Release|Any CPU
		{ABC5A6AC-ACD9-462F-A7C8-897E0A67E287}.AppStore|Any CPU.ActiveCfg = Release|Any CPU
		{ABC5A6AC-ACD9-462F-A7C8-897E0A67E287}.AppStore|Any CPU.Build.0 = Release|Any CPU
		{ABC5A6AC-ACD9-462F-A7C8-897E0A67E287}.AppStore|Any CPU.Deploy.0 = Release|Any CPU
		{ABC5A6AC-ACD9-462F-A7C8-897E0A67E287}.AppStore|iPhone.ActiveCfg = Release|Any CPU
		{ABC5A6AC-ACD9-462F-A7C8-897E0A67E287}.AppStore|iPhone.Build.0 = Release|Any CPU
		{ABC5A6AC-ACD9-462F-A7C8-897E0A67E287}.AppStore|iPhone.Deploy.0 = Release|Any CPU
		{ABC5A6AC-ACD9-462F-A7C8-897E0A67E287}.AppStore|iPhoneSimulator.ActiveCfg = Release|Any CPU
		{ABC5A6AC-ACD9-462F-A7C8-897E0A67E287}.AppStore|iPhoneSimulator.Build.0 = Release|Any CPU
		{ABC5A6AC-ACD9-462F-A7C8-897E0A67E287}.AppStore|iPhoneSimulator.Deploy.0 = Release|Any CPU
		{ABC5A6AC-ACD9-462F-A7C8-897E0A67E287}.Debug|Any CPU.ActiveCfg = Debug|Any CPU
		{ABC5A6AC-ACD9-462F-A7C8-897E0A67E287}.Debug|Any CPU.Build.0 = Debug|Any CPU
		{ABC5A6AC-ACD9-462F-A7C8-897E0A67E287}.Debug|Any CPU.Deploy.0 = Debug|Any CPU
		{ABC5A6AC-ACD9-462F-A7C8-897E0A67E287}.Debug|iPhone.ActiveCfg = Debug|Any CPU
		{ABC5A6AC-ACD9-462F-A7C8-897E0A67E287}.Debug|iPhone.Build.0 = Debug|Any CPU
		{ABC5A6AC-ACD9-462F-A7C8-897E0A67E287}.Debug|iPhone.Deploy.0 = Debug|Any CPU
		{ABC5A6AC-ACD9-462F-A7C8-897E0A67E287}.Debug|iPhoneSimulator.ActiveCfg = Debug|Any CPU
		{ABC5A6AC-ACD9-462F-A7C8-897E0A67E287}.Debug|iPhoneSimulator.Build.0 = Debug|Any CPU
		{ABC5A6AC-ACD9-462F-A7C8-897E0A67E287}.Debug|iPhoneSimulator.Deploy.0 = Debug|Any CPU
		{ABC5A6AC-ACD9-462F-A7C8-897E0A67E287}.Release|Any CPU.ActiveCfg = Release|Any CPU
		{ABC5A6AC-ACD9-462F-A7C8-897E0A67E287}.Release|Any CPU.Build.0 = Release|Any CPU
		{ABC5A6AC-ACD9-462F-A7C8-897E0A67E287}.Release|Any CPU.Deploy.0 = Release|Any CPU
		{ABC5A6AC-ACD9-462F-A7C8-897E0A67E287}.Release|iPhone.ActiveCfg = Release|Any CPU
		{ABC5A6AC-ACD9-462F-A7C8-897E0A67E287}.Release|iPhone.Build.0 = Release|Any CPU
		{ABC5A6AC-ACD9-462F-A7C8-897E0A67E287}.Release|iPhone.Deploy.0 = Release|Any CPU
		{ABC5A6AC-ACD9-462F-A7C8-897E0A67E287}.Release|iPhoneSimulator.ActiveCfg = Release|Any CPU
		{ABC5A6AC-ACD9-462F-A7C8-897E0A67E287}.Release|iPhoneSimulator.Build.0 = Release|Any CPU
		{ABC5A6AC-ACD9-462F-A7C8-897E0A67E287}.Release|iPhoneSimulator.Deploy.0 = Release|Any CPU
		{160EAA14-7B5D-41FD-9E32-201A9AE691FB}.Ad-Hoc|Any CPU.ActiveCfg = Ad-Hoc|iPhone
		{160EAA14-7B5D-41FD-9E32-201A9AE691FB}.Ad-Hoc|Any CPU.Build.0 = Ad-Hoc|iPhone
		{160EAA14-7B5D-41FD-9E32-201A9AE691FB}.Ad-Hoc|Any CPU.Deploy.0 = Ad-Hoc|iPhone
		{160EAA14-7B5D-41FD-9E32-201A9AE691FB}.Ad-Hoc|iPhone.ActiveCfg = Ad-Hoc|iPhone
		{160EAA14-7B5D-41FD-9E32-201A9AE691FB}.Ad-Hoc|iPhone.Build.0 = Ad-Hoc|iPhone
		{160EAA14-7B5D-41FD-9E32-201A9AE691FB}.Ad-Hoc|iPhone.Deploy.0 = Ad-Hoc|iPhone
		{160EAA14-7B5D-41FD-9E32-201A9AE691FB}.Ad-Hoc|iPhoneSimulator.ActiveCfg = Ad-Hoc|iPhoneSimulator
		{160EAA14-7B5D-41FD-9E32-201A9AE691FB}.Ad-Hoc|iPhoneSimulator.Build.0 = Ad-Hoc|iPhoneSimulator
		{160EAA14-7B5D-41FD-9E32-201A9AE691FB}.Ad-Hoc|iPhoneSimulator.Deploy.0 = Ad-Hoc|iPhoneSimulator
		{160EAA14-7B5D-41FD-9E32-201A9AE691FB}.AppStore|Any CPU.ActiveCfg = AppStore|iPhone
		{160EAA14-7B5D-41FD-9E32-201A9AE691FB}.AppStore|Any CPU.Build.0 = AppStore|iPhone
		{160EAA14-7B5D-41FD-9E32-201A9AE691FB}.AppStore|Any CPU.Deploy.0 = AppStore|iPhone
		{160EAA14-7B5D-41FD-9E32-201A9AE691FB}.AppStore|iPhone.ActiveCfg = AppStore|iPhone
		{160EAA14-7B5D-41FD-9E32-201A9AE691FB}.AppStore|iPhone.Build.0 = AppStore|iPhone
		{160EAA14-7B5D-41FD-9E32-201A9AE691FB}.AppStore|iPhone.Deploy.0 = AppStore|iPhone
		{160EAA14-7B5D-41FD-9E32-201A9AE691FB}.AppStore|iPhoneSimulator.ActiveCfg = AppStore|iPhoneSimulator
		{160EAA14-7B5D-41FD-9E32-201A9AE691FB}.AppStore|iPhoneSimulator.Build.0 = AppStore|iPhoneSimulator
		{160EAA14-7B5D-41FD-9E32-201A9AE691FB}.AppStore|iPhoneSimulator.Deploy.0 = AppStore|iPhoneSimulator
		{160EAA14-7B5D-41FD-9E32-201A9AE691FB}.Debug|Any CPU.ActiveCfg = Debug|iPhoneSimulator
		{160EAA14-7B5D-41FD-9E32-201A9AE691FB}.Debug|Any CPU.Build.0 = Debug|iPhoneSimulator
		{160EAA14-7B5D-41FD-9E32-201A9AE691FB}.Debug|Any CPU.Deploy.0 = Debug|iPhoneSimulator
		{160EAA14-7B5D-41FD-9E32-201A9AE691FB}.Debug|iPhone.ActiveCfg = Debug|iPhone
		{160EAA14-7B5D-41FD-9E32-201A9AE691FB}.Debug|iPhone.Build.0 = Debug|iPhone
		{160EAA14-7B5D-41FD-9E32-201A9AE691FB}.Debug|iPhone.Deploy.0 = Debug|iPhone
		{160EAA14-7B5D-41FD-9E32-201A9AE691FB}.Debug|iPhoneSimulator.ActiveCfg = Debug|iPhoneSimulator
		{160EAA14-7B5D-41FD-9E32-201A9AE691FB}.Debug|iPhoneSimulator.Build.0 = Debug|iPhoneSimulator
		{160EAA14-7B5D-41FD-9E32-201A9AE691FB}.Debug|iPhoneSimulator.Deploy.0 = Debug|iPhoneSimulator
		{160EAA14-7B5D-41FD-9E32-201A9AE691FB}.Release|Any CPU.ActiveCfg = Release|iPhone
		{160EAA14-7B5D-41FD-9E32-201A9AE691FB}.Release|Any CPU.Build.0 = Release|iPhone
		{160EAA14-7B5D-41FD-9E32-201A9AE691FB}.Release|Any CPU.Deploy.0 = Release|iPhone
		{160EAA14-7B5D-41FD-9E32-201A9AE691FB}.Release|iPhone.ActiveCfg = Release|iPhone
		{160EAA14-7B5D-41FD-9E32-201A9AE691FB}.Release|iPhone.Build.0 = Release|iPhone
		{160EAA14-7B5D-41FD-9E32-201A9AE691FB}.Release|iPhone.Deploy.0 = Release|iPhone
		{160EAA14-7B5D-41FD-9E32-201A9AE691FB}.Release|iPhoneSimulator.ActiveCfg = Release|iPhoneSimulator
		{160EAA14-7B5D-41FD-9E32-201A9AE691FB}.Release|iPhoneSimulator.Build.0 = Release|iPhoneSimulator
		{160EAA14-7B5D-41FD-9E32-201A9AE691FB}.Release|iPhoneSimulator.Deploy.0 = Release|iPhoneSimulator
		{43D1B95B-6671-4120-9E5B-70F838B4423E}.Ad-Hoc|Any CPU.ActiveCfg = Debug|Any CPU
		{43D1B95B-6671-4120-9E5B-70F838B4423E}.Ad-Hoc|Any CPU.Build.0 = Debug|Any CPU
		{43D1B95B-6671-4120-9E5B-70F838B4423E}.Ad-Hoc|Any CPU.Deploy.0 = Debug|Any CPU
		{43D1B95B-6671-4120-9E5B-70F838B4423E}.Ad-Hoc|iPhone.ActiveCfg = Debug|Any CPU
		{43D1B95B-6671-4120-9E5B-70F838B4423E}.Ad-Hoc|iPhone.Build.0 = Debug|Any CPU
		{43D1B95B-6671-4120-9E5B-70F838B4423E}.Ad-Hoc|iPhone.Deploy.0 = Debug|Any CPU
		{43D1B95B-6671-4120-9E5B-70F838B4423E}.Ad-Hoc|iPhoneSimulator.ActiveCfg = Debug|Any CPU
		{43D1B95B-6671-4120-9E5B-70F838B4423E}.Ad-Hoc|iPhoneSimulator.Build.0 = Debug|Any CPU
		{43D1B95B-6671-4120-9E5B-70F838B4423E}.Ad-Hoc|iPhoneSimulator.Deploy.0 = Debug|Any CPU
		{43D1B95B-6671-4120-9E5B-70F838B4423E}.AppStore|Any CPU.ActiveCfg = Debug|Any CPU
		{43D1B95B-6671-4120-9E5B-70F838B4423E}.AppStore|Any CPU.Build.0 = Debug|Any CPU
		{43D1B95B-6671-4120-9E5B-70F838B4423E}.AppStore|Any CPU.Deploy.0 = Debug|Any CPU
		{43D1B95B-6671-4120-9E5B-70F838B4423E}.AppStore|iPhone.ActiveCfg = Debug|Any CPU
		{43D1B95B-6671-4120-9E5B-70F838B4423E}.AppStore|iPhone.Build.0 = Debug|Any CPU
		{43D1B95B-6671-4120-9E5B-70F838B4423E}.AppStore|iPhone.Deploy.0 = Debug|Any CPU
		{43D1B95B-6671-4120-9E5B-70F838B4423E}.AppStore|iPhoneSimulator.ActiveCfg = Debug|Any CPU
		{43D1B95B-6671-4120-9E5B-70F838B4423E}.AppStore|iPhoneSimulator.Build.0 = Debug|Any CPU
		{43D1B95B-6671-4120-9E5B-70F838B4423E}.AppStore|iPhoneSimulator.Deploy.0 = Debug|Any CPU
		{43D1B95B-6671-4120-9E5B-70F838B4423E}.Debug|Any CPU.ActiveCfg = Debug|Any CPU
		{43D1B95B-6671-4120-9E5B-70F838B4423E}.Debug|Any CPU.Build.0 = Debug|Any CPU
		{43D1B95B-6671-4120-9E5B-70F838B4423E}.Debug|Any CPU.Deploy.0 = Debug|Any CPU
		{43D1B95B-6671-4120-9E5B-70F838B4423E}.Debug|iPhone.ActiveCfg = Debug|Any CPU
		{43D1B95B-6671-4120-9E5B-70F838B4423E}.Debug|iPhone.Build.0 = Debug|Any CPU
		{43D1B95B-6671-4120-9E5B-70F838B4423E}.Debug|iPhone.Deploy.0 = Debug|Any CPU
		{43D1B95B-6671-4120-9E5B-70F838B4423E}.Debug|iPhoneSimulator.ActiveCfg = Debug|Any CPU
		{43D1B95B-6671-4120-9E5B-70F838B4423E}.Debug|iPhoneSimulator.Build.0 = Debug|Any CPU
		{43D1B95B-6671-4120-9E5B-70F838B4423E}.Debug|iPhoneSimulator.Deploy.0 = Debug|Any CPU
		{43D1B95B-6671-4120-9E5B-70F838B4423E}.Release|Any CPU.ActiveCfg = Release|Any CPU
		{43D1B95B-6671-4120-9E5B-70F838B4423E}.Release|Any CPU.Build.0 = Release|Any CPU
		{43D1B95B-6671-4120-9E5B-70F838B4423E}.Release|Any CPU.Deploy.0 = Release|Any CPU
		{43D1B95B-6671-4120-9E5B-70F838B4423E}.Release|iPhone.ActiveCfg = Release|Any CPU
		{43D1B95B-6671-4120-9E5B-70F838B4423E}.Release|iPhone.Build.0 = Release|Any CPU
		{43D1B95B-6671-4120-9E5B-70F838B4423E}.Release|iPhone.Deploy.0 = Release|Any CPU
		{43D1B95B-6671-4120-9E5B-70F838B4423E}.Release|iPhoneSimulator.ActiveCfg = Release|Any CPU
		{43D1B95B-6671-4120-9E5B-70F838B4423E}.Release|iPhoneSimulator.Build.0 = Release|Any CPU
		{43D1B95B-6671-4120-9E5B-70F838B4423E}.Release|iPhoneSimulator.Deploy.0 = Release|Any CPU
	EndGlobalSection
	GlobalSection(SolutionProperties) = preSolution
		HideSolutionNode = FALSE
	EndGlobalSection
	GlobalSection(ExtensibilityGlobals) = postSolution
		SolutionGuid = {DA37FBCA-483B-41A1-BDCB-020CAA6FF350}
	EndGlobalSection
EndGlobal
